{
  "version": 4,
  "terraform_version": "1.5.6",
  "serial": 168,
  "lineage": "b54218ee-8745-7708-1032-2ec31505890a",
  "outputs": {},
  "resources": [
    {
      "mode": "managed",
      "type": "aws_internet_gateway",
      "name": "ig",
      "provider": "provider[\"registry.terraform.io/hashicorp/aws\"]",
      "instances": [
        {
          "schema_version": 0,
          "attributes": {
            "arn": "arn:aws:ec2:eu-north-1:013948180024:internet-gateway/igw-016d5248c18ac5ba6",
            "id": "igw-016d5248c18ac5ba6",
            "owner_id": "013948180024",
            "tags": {},
            "tags_all": {},
            "timeouts": null,
            "vpc_id": "vpc-0eac0d184c7ae5c86"
          },
          "sensitive_attributes": [],
          "private": "eyJlMmJmYjczMC1lY2FhLTExZTYtOGY4OC0zNDM2M2JjN2M0YzAiOnsiY3JlYXRlIjoxMjAwMDAwMDAwMDAwLCJkZWxldGUiOjEyMDAwMDAwMDAwMDAsInVwZGF0ZSI6MTIwMDAwMDAwMDAwMH19",
          "dependencies": [
            "aws_vpc.main"
          ]
        }
      ]
    },
    {
      "mode": "managed",
      "type": "aws_route_table",
      "name": "rt",
      "provider": "provider[\"registry.terraform.io/hashicorp/aws\"]",
      "instances": [
        {
          "schema_version": 0,
          "attributes": {
            "arn": "arn:aws:ec2:eu-north-1:013948180024:route-table/rtb-037df98d1d9557b87",
            "id": "rtb-037df98d1d9557b87",
            "owner_id": "013948180024",
            "propagating_vgws": [],
            "route": [
              {
                "carrier_gateway_id": "",
                "cidr_block": "0.0.0.0/0",
                "core_network_arn": "",
                "destination_prefix_list_id": "",
                "egress_only_gateway_id": "",
                "gateway_id": "igw-016d5248c18ac5ba6",
                "ipv6_cidr_block": "",
                "local_gateway_id": "",
                "nat_gateway_id": "",
                "network_interface_id": "",
                "transit_gateway_id": "",
                "vpc_endpoint_id": "",
                "vpc_peering_connection_id": ""
              }
            ],
            "tags": {},
            "tags_all": {},
            "timeouts": null,
            "vpc_id": "vpc-0eac0d184c7ae5c86"
          },
          "sensitive_attributes": [],
          "private": "eyJlMmJmYjczMC1lY2FhLTExZTYtOGY4OC0zNDM2M2JjN2M0YzAiOnsiY3JlYXRlIjozMDAwMDAwMDAwMDAsImRlbGV0ZSI6MzAwMDAwMDAwMDAwLCJ1cGRhdGUiOjEyMDAwMDAwMDAwMH19",
          "dependencies": [
            "aws_internet_gateway.ig",
            "aws_vpc.main"
          ]
        }
      ]
    },
    {
      "mode": "managed",
      "type": "aws_route_table_association",
      "name": "rt-a-1",
      "provider": "provider[\"registry.terraform.io/hashicorp/aws\"]",
      "instances": [
        {
          "schema_version": 0,
          "attributes": {
            "gateway_id": "",
            "id": "rtbassoc-0017a0a1eabf885b5",
            "route_table_id": "rtb-037df98d1d9557b87",
            "subnet_id": "subnet-032eb1e522b9a460d",
            "timeouts": null
          },
          "sensitive_attributes": [],
          "private": "eyJlMmJmYjczMC1lY2FhLTExZTYtOGY4OC0zNDM2M2JjN2M0YzAiOnsiY3JlYXRlIjozMDAwMDAwMDAwMDAsImRlbGV0ZSI6MzAwMDAwMDAwMDAwLCJ1cGRhdGUiOjEyMDAwMDAwMDAwMH19",
          "dependencies": [
            "aws_internet_gateway.ig",
            "aws_route_table.rt",
            "aws_subnet.private",
            "aws_vpc.main"
          ]
        }
      ]
    },
    {
      "mode": "managed",
      "type": "aws_route_table_association",
      "name": "rt-a-2",
      "provider": "provider[\"registry.terraform.io/hashicorp/aws\"]",
      "instances": [
        {
          "schema_version": 0,
          "attributes": {
            "gateway_id": "",
            "id": "rtbassoc-011ad708ea47115b2",
            "route_table_id": "rtb-037df98d1d9557b87",
            "subnet_id": "subnet-0672ab81aca050096",
            "timeouts": null
          },
          "sensitive_attributes": [],
          "private": "eyJlMmJmYjczMC1lY2FhLTExZTYtOGY4OC0zNDM2M2JjN2M0YzAiOnsiY3JlYXRlIjozMDAwMDAwMDAwMDAsImRlbGV0ZSI6MzAwMDAwMDAwMDAwLCJ1cGRhdGUiOjEyMDAwMDAwMDAwMH19",
          "dependencies": [
            "aws_route_table.rt",
            "aws_subnet.public"
          ]
        }
      ]
    },
    {
      "mode": "managed",
      "type": "aws_route_table_association",
      "name": "rt-a-3",
      "provider": "provider[\"registry.terraform.io/hashicorp/aws\"]",
      "instances": [
        {
          "schema_version": 0,
          "attributes": {
            "gateway_id": "",
            "id": "rtbassoc-00a838f63ede09bb4",
            "route_table_id": "rtb-037df98d1d9557b87",
            "subnet_id": "subnet-0585951152c4f7950",
            "timeouts": null
          },
          "sensitive_attributes": [],
          "private": "eyJlMmJmYjczMC1lY2FhLTExZTYtOGY4OC0zNDM2M2JjN2M0YzAiOnsiY3JlYXRlIjozMDAwMDAwMDAwMDAsImRlbGV0ZSI6MzAwMDAwMDAwMDAwLCJ1cGRhdGUiOjEyMDAwMDAwMDAwMH19",
          "dependencies": [
            "aws_route_table.rt",
            "aws_subnet.public_2"
          ]
        }
      ]
    },
    {
      "mode": "managed",
      "type": "aws_subnet",
      "name": "private",
      "provider": "provider[\"registry.terraform.io/hashicorp/aws\"]",
      "instances": [
        {
          "schema_version": 1,
          "attributes": {
            "arn": "arn:aws:ec2:eu-north-1:013948180024:subnet/subnet-032eb1e522b9a460d",
            "assign_ipv6_address_on_creation": false,
            "availability_zone": "eu-north-1b",
            "availability_zone_id": "eun1-az2",
            "cidr_block": "10.0.128.0/24",
            "customer_owned_ipv4_pool": "",
            "enable_dns64": false,
            "enable_lni_at_device_index": 0,
            "enable_resource_name_dns_a_record_on_launch": false,
            "enable_resource_name_dns_aaaa_record_on_launch": false,
            "id": "subnet-032eb1e522b9a460d",
            "ipv6_cidr_block": "",
            "ipv6_cidr_block_association_id": "",
            "ipv6_native": false,
            "map_customer_owned_ip_on_launch": false,
            "map_public_ip_on_launch": false,
            "outpost_arn": "",
            "owner_id": "013948180024",
            "private_dns_hostname_type_on_launch": "ip-name",
            "tags": {},
            "tags_all": {},
            "timeouts": null,
            "vpc_id": "vpc-0eac0d184c7ae5c86"
          },
          "sensitive_attributes": [],
          "private": "eyJlMmJmYjczMC1lY2FhLTExZTYtOGY4OC0zNDM2M2JjN2M0YzAiOnsiY3JlYXRlIjo2MDAwMDAwMDAwMDAsImRlbGV0ZSI6MTIwMDAwMDAwMDAwMH0sInNjaGVtYV92ZXJzaW9uIjoiMSJ9",
          "dependencies": [
            "aws_vpc.main"
          ],
          "create_before_destroy": true
        }
      ]
    },
    {
      "mode": "managed",
      "type": "aws_subnet",
      "name": "public",
      "provider": "provider[\"registry.terraform.io/hashicorp/aws\"]",
      "instances": [
        {
          "schema_version": 1,
          "attributes": {
            "arn": "arn:aws:ec2:eu-north-1:013948180024:subnet/subnet-0672ab81aca050096",
            "assign_ipv6_address_on_creation": false,
            "availability_zone": "eu-north-1a",
            "availability_zone_id": "eun1-az1",
            "cidr_block": "10.0.0.0/24",
            "customer_owned_ipv4_pool": "",
            "enable_dns64": false,
            "enable_lni_at_device_index": 0,
            "enable_resource_name_dns_a_record_on_launch": false,
            "enable_resource_name_dns_aaaa_record_on_launch": false,
            "id": "subnet-0672ab81aca050096",
            "ipv6_cidr_block": "",
            "ipv6_cidr_block_association_id": "",
            "ipv6_native": false,
            "map_customer_owned_ip_on_launch": false,
            "map_public_ip_on_launch": true,
            "outpost_arn": "",
            "owner_id": "013948180024",
            "private_dns_hostname_type_on_launch": "ip-name",
            "tags": {},
            "tags_all": {},
            "timeouts": null,
            "vpc_id": "vpc-0eac0d184c7ae5c86"
          },
          "sensitive_attributes": [],
          "private": "eyJlMmJmYjczMC1lY2FhLTExZTYtOGY4OC0zNDM2M2JjN2M0YzAiOnsiY3JlYXRlIjo2MDAwMDAwMDAwMDAsImRlbGV0ZSI6MTIwMDAwMDAwMDAwMH0sInNjaGVtYV92ZXJzaW9uIjoiMSJ9",
          "dependencies": [
            "aws_vpc.main"
          ],
          "create_before_destroy": true
        }
      ]
    },
    {
      "mode": "managed",
      "type": "aws_subnet",
      "name": "public_2",
      "provider": "provider[\"registry.terraform.io/hashicorp/aws\"]",
      "instances": [
        {
          "schema_version": 1,
          "attributes": {
            "arn": "arn:aws:ec2:eu-north-1:013948180024:subnet/subnet-0585951152c4f7950",
            "assign_ipv6_address_on_creation": false,
            "availability_zone": "eu-north-1b",
            "availability_zone_id": "eun1-az2",
            "cidr_block": "10.0.64.0/24",
            "customer_owned_ipv4_pool": "",
            "enable_dns64": false,
            "enable_lni_at_device_index": 0,
            "enable_resource_name_dns_a_record_on_launch": false,
            "enable_resource_name_dns_aaaa_record_on_launch": false,
            "id": "subnet-0585951152c4f7950",
            "ipv6_cidr_block": "",
            "ipv6_cidr_block_association_id": "",
            "ipv6_native": false,
            "map_customer_owned_ip_on_launch": false,
            "map_public_ip_on_launch": true,
            "outpost_arn": "",
            "owner_id": "013948180024",
            "private_dns_hostname_type_on_launch": "ip-name",
            "tags": {},
            "tags_all": {},
            "timeouts": null,
            "vpc_id": "vpc-0eac0d184c7ae5c86"
          },
          "sensitive_attributes": [],
          "private": "eyJlMmJmYjczMC1lY2FhLTExZTYtOGY4OC0zNDM2M2JjN2M0YzAiOnsiY3JlYXRlIjo2MDAwMDAwMDAwMDAsImRlbGV0ZSI6MTIwMDAwMDAwMDAwMH0sInNjaGVtYV92ZXJzaW9uIjoiMSJ9",
          "dependencies": [
            "aws_vpc.main"
          ],
          "create_before_destroy": true
        }
      ]
    },
    {
      "mode": "managed",
      "type": "aws_vpc",
      "name": "main",
      "provider": "provider[\"registry.terraform.io/hashicorp/aws\"]",
      "instances": [
        {
          "schema_version": 1,
          "attributes": {
            "arn": "arn:aws:ec2:eu-north-1:013948180024:vpc/vpc-0eac0d184c7ae5c86",
            "assign_generated_ipv6_cidr_block": false,
            "cidr_block": "10.0.0.0/16",
            "default_network_acl_id": "acl-02c6c82cf85ec26aa",
            "default_route_table_id": "rtb-0ede501c2d02c1152",
            "default_security_group_id": "sg-03138ad35fc3303d8",
            "dhcp_options_id": "dopt-0bfbd478bb48d047c",
            "enable_dns_hostnames": false,
            "enable_dns_support": true,
            "enable_network_address_usage_metrics": false,
            "id": "vpc-0eac0d184c7ae5c86",
            "instance_tenancy": "default",
            "ipv4_ipam_pool_id": null,
            "ipv4_netmask_length": null,
            "ipv6_association_id": "",
            "ipv6_cidr_block": "",
            "ipv6_cidr_block_network_border_group": "",
            "ipv6_ipam_pool_id": "",
            "ipv6_netmask_length": 0,
            "main_route_table_id": "rtb-0ede501c2d02c1152",
            "owner_id": "013948180024",
            "tags": {
              "Name": "main"
            },
            "tags_all": {
              "Name": "main"
            }
          },
          "sensitive_attributes": [],
          "private": "eyJzY2hlbWFfdmVyc2lvbiI6IjEifQ==",
          "create_before_destroy": true
        }
      ]
    },
    {
      "module": "module.ecs-fargate.module.ecs-cluster",
      "mode": "managed",
      "type": "aws_ecs_cluster",
      "name": "cluster",
      "provider": "provider[\"registry.terraform.io/hashicorp/aws\"]",
      "instances": [
        {
          "schema_version": 0,
          "attributes": {
            "arn": "arn:aws:ecs:eu-north-1:013948180024:cluster/gp2",
            "configuration": [],
            "id": "arn:aws:ecs:eu-north-1:013948180024:cluster/gp2",
            "name": "gp2",
            "service_connect_defaults": [],
            "setting": [
              {
                "name": "containerInsights",
                "value": "disabled"
              }
            ],
            "tags": {},
            "tags_all": {}
          },
          "sensitive_attributes": [],
          "private": "bnVsbA=="
        }
      ]
    },
    {
      "module": "module.ecs-fargate.module.ecs-fargate-service",
      "mode": "managed",
      "type": "aws_ecs_service",
      "name": "service",
      "provider": "provider[\"registry.terraform.io/hashicorp/aws\"]",
      "instances": [
        {
          "schema_version": 0,
          "attributes": {
            "alarms": [],
            "capacity_provider_strategy": [],
            "cluster": "arn:aws:ecs:eu-north-1:013948180024:cluster/gp2",
            "deployment_circuit_breaker": [
              {
                "enable": false,
                "rollback": false
              }
            ],
            "deployment_controller": [
              {
                "type": "ECS"
              }
            ],
            "deployment_maximum_percent": 200,
            "deployment_minimum_healthy_percent": 100,
            "desired_count": 1,
            "enable_ecs_managed_tags": false,
            "enable_execute_command": false,
            "force_new_deployment": false,
            "health_check_grace_period_seconds": 0,
            "iam_role": "/aws-service-role/ecs.amazonaws.com/AWSServiceRoleForECS",
            "id": "arn:aws:ecs:eu-north-1:013948180024:service/gp2/gp2-service",
            "launch_type": "FARGATE",
            "load_balancer": [
              {
                "container_name": "gp2-frontend",
                "container_port": 3000,
                "elb_name": "",
                "target_group_arn": "arn:aws:elasticloadbalancing:eu-north-1:013948180024:targetgroup/gp2-http-3000/9b37434ceaedf7db"
              }
            ],
            "name": "gp2-service",
            "network_configuration": [
              {
                "assign_public_ip": false,
                "security_groups": [
                  "sg-0439a65f380237dab"
                ],
                "subnets": [
                  "subnet-032eb1e522b9a460d"
                ]
              }
            ],
            "ordered_placement_strategy": [],
            "placement_constraints": [],
            "platform_version": "1.4.0",
            "propagate_tags": "SERVICE",
            "scheduling_strategy": "REPLICA",
            "service_connect_configuration": [],
            "service_registries": [],
            "tags": {
              "Name": "gp2-ecs-tasks-sg"
            },
            "tags_all": {
              "Name": "gp2-ecs-tasks-sg"
            },
            "task_definition": "arn:aws:ecs:eu-north-1:013948180024:task-definition/gp2:6",
            "timeouts": null,
            "triggers": {},
            "wait_for_steady_state": false
          },
          "sensitive_attributes": [],
          "private": "eyJlMmJmYjczMC1lY2FhLTExZTYtOGY4OC0zNDM2M2JjN2M0YzAiOnsiY3JlYXRlIjoxMjAwMDAwMDAwMDAwLCJkZWxldGUiOjEyMDAwMDAwMDAwMDAsInVwZGF0ZSI6MTIwMDAwMDAwMDAwMH19",
          "dependencies": [
            "aws_subnet.private",
            "aws_subnet.public",
            "aws_subnet.public_2",
            "aws_vpc.main",
            "module.ecs-fargate.module.ecs-cluster.aws_ecs_cluster.cluster",
            "module.ecs-fargate.module.ecs-fargate-service.aws_security_group.ecs_tasks_sg",
            "module.ecs-fargate.module.ecs-fargate-service.module.ecs-alb.aws_lb.lb",
            "module.ecs-fargate.module.ecs-fargate-service.module.ecs-alb.aws_lb_target_group.lb_http_tgs",
            "module.ecs-fargate.module.ecs-fargate-service.module.ecs-alb.aws_lb_target_group.lb_https_tgs",
            "module.ecs-fargate.module.ecs-fargate-service.module.ecs-alb.aws_security_group.lb_access_sg",
            "module.ecs-fargate.module.ecs-fargate-service.module.ecs-alb.module.lb_logs_s3.aws_s3_bucket.logs",
            "module.ecs-fargate.module.ecs-fargate-service.module.ecs-alb.module.lb_logs_s3.random_string.random",
            "module.ecs-fargate.module.ecs-fargate-service.module.ecs-alb.random_string.lb_name",
            "module.ecs-fargate.module.td.aws_ecs_task_definition.td",
            "module.ecs-fargate.module.td.aws_iam_role.ecs_task_execution_role"
          ]
        }
      ]
    },
    {
      "module": "module.ecs-fargate.module.ecs-fargate-service",
      "mode": "managed",
      "type": "aws_security_group",
      "name": "ecs_tasks_sg",
      "provider": "provider[\"registry.terraform.io/hashicorp/aws\"]",
      "instances": [
        {
          "schema_version": 1,
          "attributes": {
            "arn": "arn:aws:ec2:eu-north-1:013948180024:security-group/sg-0439a65f380237dab",
            "description": "Allow inbound access from the LB only",
            "egress": [
              {
                "cidr_blocks": [
                  "0.0.0.0/0"
                ],
                "description": "",
                "from_port": 0,
                "ipv6_cidr_blocks": [],
                "prefix_list_ids": [],
                "protocol": "-1",
                "security_groups": [],
                "self": false,
                "to_port": 0
              }
            ],
            "id": "sg-0439a65f380237dab",
            "ingress": [
              {
                "cidr_blocks": [],
                "description": "",
                "from_port": 3000,
                "ipv6_cidr_blocks": [],
                "prefix_list_ids": [],
                "protocol": "tcp",
                "security_groups": [
                  "sg-0272b87b5e831aae6"
                ],
                "self": false,
                "to_port": 3000
              }
            ],
            "name": "gp2-ecs-tasks-sg",
            "name_prefix": "",
            "owner_id": "013948180024",
            "revoke_rules_on_delete": false,
            "tags": {
              "Name": "gp2-ecs-tasks-sg"
            },
            "tags_all": {
              "Name": "gp2-ecs-tasks-sg"
            },
            "timeouts": null,
            "vpc_id": "vpc-0eac0d184c7ae5c86"
          },
          "sensitive_attributes": [],
          "private": "eyJlMmJmYjczMC1lY2FhLTExZTYtOGY4OC0zNDM2M2JjN2M0YzAiOnsiY3JlYXRlIjo2MDAwMDAwMDAwMDAsImRlbGV0ZSI6OTAwMDAwMDAwMDAwfSwic2NoZW1hX3ZlcnNpb24iOiIxIn0=",
          "dependencies": [
            "aws_vpc.main"
          ]
        }
      ]
    },
    {
      "module": "module.ecs-fargate.module.ecs-fargate-service",
      "mode": "managed",
      "type": "aws_security_group_rule",
      "name": "egress",
      "provider": "provider[\"registry.terraform.io/hashicorp/aws\"]",
      "instances": [
        {
          "index_key": 0,
          "schema_version": 2,
          "attributes": {
            "cidr_blocks": [
              "0.0.0.0/0"
            ],
            "description": "",
            "from_port": 0,
            "id": "sgrule-3968569884",
            "ipv6_cidr_blocks": null,
            "prefix_list_ids": null,
            "protocol": "-1",
            "security_group_id": "sg-0439a65f380237dab",
            "security_group_rule_id": "sgr-0651999458669cb98",
            "self": false,
            "source_security_group_id": null,
            "timeouts": null,
            "to_port": 0,
            "type": "egress"
          },
          "sensitive_attributes": [],
          "private": "eyJlMmJmYjczMC1lY2FhLTExZTYtOGY4OC0zNDM2M2JjN2M0YzAiOnsiY3JlYXRlIjozMDAwMDAwMDAwMDB9LCJzY2hlbWFfdmVyc2lvbiI6IjIifQ==",
          "dependencies": [
            "aws_vpc.main",
            "module.ecs-fargate.module.ecs-fargate-service.aws_security_group.ecs_tasks_sg"
          ]
        }
      ]
    },
    {
      "module": "module.ecs-fargate.module.ecs-fargate-service",
      "mode": "managed",
      "type": "aws_security_group_rule",
      "name": "ingress_through_http_and_https",
      "provider": "provider[\"registry.terraform.io/hashicorp/aws\"]",
      "instances": [
        {
          "index_key": "3000",
          "schema_version": 2,
          "attributes": {
            "cidr_blocks": null,
            "description": "",
            "from_port": 3000,
            "id": "sgrule-1132535711",
            "ipv6_cidr_blocks": null,
            "prefix_list_ids": null,
            "protocol": "tcp",
            "security_group_id": "sg-0439a65f380237dab",
            "security_group_rule_id": "sgr-0d70969cdd0502642",
            "self": false,
            "source_security_group_id": "sg-0272b87b5e831aae6",
            "timeouts": null,
            "to_port": 3000,
            "type": "ingress"
          },
          "sensitive_attributes": [],
          "private": "eyJlMmJmYjczMC1lY2FhLTExZTYtOGY4OC0zNDM2M2JjN2M0YzAiOnsiY3JlYXRlIjozMDAwMDAwMDAwMDB9LCJzY2hlbWFfdmVyc2lvbiI6IjIifQ==",
          "dependencies": [
            "aws_subnet.private",
            "aws_subnet.public",
            "aws_subnet.public_2",
            "aws_vpc.main",
            "module.ecs-fargate.module.ecs-fargate-service.aws_security_group.ecs_tasks_sg",
            "module.ecs-fargate.module.ecs-fargate-service.module.ecs-alb.aws_lb.lb",
            "module.ecs-fargate.module.ecs-fargate-service.module.ecs-alb.aws_lb_target_group.lb_http_tgs",
            "module.ecs-fargate.module.ecs-fargate-service.module.ecs-alb.aws_lb_target_group.lb_https_tgs",
            "module.ecs-fargate.module.ecs-fargate-service.module.ecs-alb.aws_security_group.lb_access_sg",
            "module.ecs-fargate.module.ecs-fargate-service.module.ecs-alb.module.lb_logs_s3.aws_s3_bucket.logs",
            "module.ecs-fargate.module.ecs-fargate-service.module.ecs-alb.module.lb_logs_s3.random_string.random",
            "module.ecs-fargate.module.ecs-fargate-service.module.ecs-alb.random_string.lb_name"
          ]
        }
      ]
    },
    {
      "module": "module.ecs-fargate.module.ecs-fargate-service.module.ecs-alb[0]",
      "mode": "data",
      "type": "aws_elb_service_account",
      "name": "default",
      "provider": "provider[\"registry.terraform.io/hashicorp/aws\"]",
      "instances": [
        {
          "schema_version": 0,
          "attributes": {
            "arn": "arn:aws:iam::897822967062:root",
            "id": "897822967062",
            "region": null
          },
          "sensitive_attributes": []
        }
      ]
    },
    {
      "module": "module.ecs-fargate.module.ecs-fargate-service.module.ecs-alb[0]",
      "mode": "managed",
      "type": "aws_lb",
      "name": "lb",
      "provider": "provider[\"registry.terraform.io/hashicorp/aws\"]",
      "instances": [
        {
          "schema_version": 0,
          "attributes": {
            "access_logs": [
              {
                "bucket": "",
                "enabled": false,
                "prefix": ""
              }
            ],
            "arn": "arn:aws:elasticloadbalancing:eu-north-1:013948180024:loadbalancer/app/gp2-lb/c08c4158fef7bbb6",
            "arn_suffix": "app/gp2-lb/c08c4158fef7bbb6",
            "customer_owned_ipv4_pool": "",
            "desync_mitigation_mode": "defensive",
            "dns_name": "gp2-lb-374063441.eu-north-1.elb.amazonaws.com",
            "drop_invalid_header_fields": false,
            "enable_cross_zone_load_balancing": true,
            "enable_deletion_protection": false,
            "enable_http2": true,
            "enable_tls_version_and_cipher_suite_headers": false,
            "enable_waf_fail_open": false,
            "enable_xff_client_port": false,
            "id": "arn:aws:elasticloadbalancing:eu-north-1:013948180024:loadbalancer/app/gp2-lb/c08c4158fef7bbb6",
            "idle_timeout": 60,
            "internal": false,
            "ip_address_type": "ipv4",
            "load_balancer_type": "application",
            "name": "gp2-lb",
            "name_prefix": null,
            "preserve_host_header": false,
            "security_groups": [
              "sg-0272b87b5e831aae6"
            ],
            "subnet_mapping": [
              {
                "allocation_id": "",
                "ipv6_address": "",
                "outpost_id": "",
                "private_ipv4_address": "",
                "subnet_id": "subnet-0585951152c4f7950"
              },
              {
                "allocation_id": "",
                "ipv6_address": "",
                "outpost_id": "",
                "private_ipv4_address": "",
                "subnet_id": "subnet-0672ab81aca050096"
              }
            ],
            "subnets": [
              "subnet-0585951152c4f7950",
              "subnet-0672ab81aca050096"
            ],
            "tags": {
              "Name": "gp2-lb"
            },
            "tags_all": {
              "Name": "gp2-lb"
            },
            "timeouts": null,
            "vpc_id": "vpc-0eac0d184c7ae5c86",
            "xff_header_processing_mode": "append",
            "zone_id": "Z23TAZ6LKFMNIO"
          },
          "sensitive_attributes": [],
          "private": "eyJlMmJmYjczMC1lY2FhLTExZTYtOGY4OC0zNDM2M2JjN2M0YzAiOnsiY3JlYXRlIjo2MDAwMDAwMDAwMDAsImRlbGV0ZSI6NjAwMDAwMDAwMDAwLCJ1cGRhdGUiOjYwMDAwMDAwMDAwMH19",
          "dependencies": [
            "aws_subnet.private",
            "aws_subnet.public",
            "aws_subnet.public_2",
            "aws_vpc.main",
            "module.ecs-fargate.module.ecs-fargate-service.module.ecs-alb.aws_security_group.lb_access_sg",
            "module.ecs-fargate.module.ecs-fargate-service.module.ecs-alb.module.lb_logs_s3.aws_s3_bucket.logs",
            "module.ecs-fargate.module.ecs-fargate-service.module.ecs-alb.module.lb_logs_s3.random_string.random",
            "module.ecs-fargate.module.ecs-fargate-service.module.ecs-alb.random_string.lb_name"
          ],
          "create_before_destroy": true
        }
      ]
    },
    {
      "module": "module.ecs-fargate.module.ecs-fargate-service.module.ecs-alb[0]",
      "mode": "managed",
      "type": "aws_lb_listener",
      "name": "lb_http_listeners",
      "provider": "provider[\"registry.terraform.io/hashicorp/aws\"]",
      "instances": [
        {
          "index_key": "default_http",
          "schema_version": 0,
          "attributes": {
            "alpn_policy": null,
            "arn": "arn:aws:elasticloadbalancing:eu-north-1:013948180024:listener/app/gp2-lb/c08c4158fef7bbb6/188a77e3722f2e0a",
            "certificate_arn": null,
            "default_action": [
              {
                "authenticate_cognito": [],
                "authenticate_oidc": [],
                "fixed_response": [],
                "forward": [],
                "order": 1,
                "redirect": [],
                "target_group_arn": "arn:aws:elasticloadbalancing:eu-north-1:013948180024:targetgroup/gp2-http-3000/9b37434ceaedf7db",
                "type": "forward"
              }
            ],
            "id": "arn:aws:elasticloadbalancing:eu-north-1:013948180024:listener/app/gp2-lb/c08c4158fef7bbb6/188a77e3722f2e0a",
            "load_balancer_arn": "arn:aws:elasticloadbalancing:eu-north-1:013948180024:loadbalancer/app/gp2-lb/c08c4158fef7bbb6",
            "port": 80,
            "protocol": "HTTP",
            "ssl_policy": "",
            "tags": {},
            "tags_all": {},
            "timeouts": null
          },
          "sensitive_attributes": [],
          "private": "eyJlMmJmYjczMC1lY2FhLTExZTYtOGY4OC0zNDM2M2JjN2M0YzAiOnsicmVhZCI6NjAwMDAwMDAwMDAwfX0=",
          "dependencies": [
            "aws_subnet.private",
            "aws_subnet.public",
            "aws_subnet.public_2",
            "aws_vpc.main",
            "module.ecs-fargate.module.ecs-fargate-service.module.ecs-alb.aws_lb.lb",
            "module.ecs-fargate.module.ecs-fargate-service.module.ecs-alb.aws_lb_target_group.lb_http_tgs",
            "module.ecs-fargate.module.ecs-fargate-service.module.ecs-alb.aws_security_group.lb_access_sg",
            "module.ecs-fargate.module.ecs-fargate-service.module.ecs-alb.module.lb_logs_s3.aws_s3_bucket.logs",
            "module.ecs-fargate.module.ecs-fargate-service.module.ecs-alb.module.lb_logs_s3.random_string.random",
            "module.ecs-fargate.module.ecs-fargate-service.module.ecs-alb.random_string.lb_name"
          ]
        }
      ]
    },
    {
      "module": "module.ecs-fargate.module.ecs-fargate-service.module.ecs-alb[0]",
      "mode": "managed",
      "type": "aws_lb_target_group",
      "name": "lb_http_tgs",
      "provider": "provider[\"registry.terraform.io/hashicorp/aws\"]",
      "instances": [
        {
          "index_key": "default_http",
          "schema_version": 0,
          "attributes": {
            "arn": "arn:aws:elasticloadbalancing:eu-north-1:013948180024:targetgroup/gp2-http-3000/9b37434ceaedf7db",
            "arn_suffix": "targetgroup/gp2-http-3000/9b37434ceaedf7db",
            "connection_termination": false,
            "deregistration_delay": "300",
            "health_check": [
              {
                "enabled": true,
                "healthy_threshold": 3,
                "interval": 30,
                "matcher": "200",
                "path": "/",
                "port": "traffic-port",
                "protocol": "HTTP",
                "timeout": 5,
                "unhealthy_threshold": 3
              }
            ],
            "id": "arn:aws:elasticloadbalancing:eu-north-1:013948180024:targetgroup/gp2-http-3000/9b37434ceaedf7db",
            "ip_address_type": "ipv4",
            "lambda_multi_value_headers_enabled": false,
            "load_balancing_algorithm_type": "round_robin",
            "load_balancing_cross_zone_enabled": "use_load_balancer_configuration",
            "name": "gp2-http-3000",
            "name_prefix": null,
            "port": 3000,
            "preserve_client_ip": null,
            "protocol": "HTTP",
            "protocol_version": "HTTP1",
            "proxy_protocol_v2": false,
            "slow_start": 0,
            "stickiness": [
              {
                "cookie_duration": 86400,
                "cookie_name": "",
                "enabled": true,
                "type": "lb_cookie"
              }
            ],
            "tags": {
              "Name": "gp2-http-3000"
            },
            "tags_all": {
              "Name": "gp2-http-3000"
            },
            "target_failover": [
              {
                "on_deregistration": null,
                "on_unhealthy": null
              }
            ],
            "target_type": "ip",
            "vpc_id": "vpc-0eac0d184c7ae5c86"
          },
          "sensitive_attributes": [],
          "private": "bnVsbA==",
          "dependencies": [
            "aws_subnet.private",
            "aws_subnet.public",
            "aws_subnet.public_2",
            "aws_vpc.main",
            "module.ecs-fargate.module.ecs-fargate-service.module.ecs-alb.aws_lb.lb",
            "module.ecs-fargate.module.ecs-fargate-service.module.ecs-alb.aws_security_group.lb_access_sg",
            "module.ecs-fargate.module.ecs-fargate-service.module.ecs-alb.module.lb_logs_s3.aws_s3_bucket.logs",
            "module.ecs-fargate.module.ecs-fargate-service.module.ecs-alb.module.lb_logs_s3.random_string.random",
            "module.ecs-fargate.module.ecs-fargate-service.module.ecs-alb.random_string.lb_name"
          ],
          "create_before_destroy": true
        }
      ]
    },
    {
      "module": "module.ecs-fargate.module.ecs-fargate-service.module.ecs-alb[0]",
      "mode": "managed",
      "type": "aws_security_group",
      "name": "lb_access_sg",
      "provider": "provider[\"registry.terraform.io/hashicorp/aws\"]",
      "instances": [
        {
          "schema_version": 1,
          "attributes": {
            "arn": "arn:aws:ec2:eu-north-1:013948180024:security-group/sg-0272b87b5e831aae6",
            "description": "Controls access to the Load Balancer",
            "egress": [
              {
                "cidr_blocks": [
                  "0.0.0.0/0"
                ],
                "description": "",
                "from_port": 0,
                "ipv6_cidr_blocks": [],
                "prefix_list_ids": [],
                "protocol": "-1",
                "security_groups": [],
                "self": false,
                "to_port": 0
              }
            ],
            "id": "sg-0272b87b5e831aae6",
            "ingress": [
              {
                "cidr_blocks": [
                  "0.0.0.0/0"
                ],
                "description": "",
                "from_port": 80,
                "ipv6_cidr_blocks": [],
                "prefix_list_ids": [],
                "protocol": "tcp",
                "security_groups": [],
                "self": false,
                "to_port": 80
              }
            ],
            "name": "gp2-lb-access-sg",
            "name_prefix": "",
            "owner_id": "013948180024",
            "revoke_rules_on_delete": false,
            "tags": {
              "Name": "gp2-lb-access-sg"
            },
            "tags_all": {
              "Name": "gp2-lb-access-sg"
            },
            "timeouts": null,
            "vpc_id": "vpc-0eac0d184c7ae5c86"
          },
          "sensitive_attributes": [],
          "private": "eyJlMmJmYjczMC1lY2FhLTExZTYtOGY4OC0zNDM2M2JjN2M0YzAiOnsiY3JlYXRlIjo2MDAwMDAwMDAwMDAsImRlbGV0ZSI6OTAwMDAwMDAwMDAwfSwic2NoZW1hX3ZlcnNpb24iOiIxIn0=",
          "dependencies": [
            "aws_vpc.main"
          ],
          "create_before_destroy": true
        }
      ]
    },
    {
      "module": "module.ecs-fargate.module.ecs-fargate-service.module.ecs-alb[0]",
      "mode": "managed",
      "type": "aws_security_group_rule",
      "name": "ingress_through_http",
      "provider": "provider[\"registry.terraform.io/hashicorp/aws\"]",
      "instances": [
        {
          "index_key": "default_http",
          "schema_version": 2,
          "attributes": {
            "cidr_blocks": [
              "0.0.0.0/0"
            ],
            "description": "",
            "from_port": 80,
            "id": "sgrule-3838402180",
            "ipv6_cidr_blocks": null,
            "prefix_list_ids": [],
            "protocol": "tcp",
            "security_group_id": "sg-0272b87b5e831aae6",
            "security_group_rule_id": "sgr-01a9991e300a99558",
            "self": false,
            "source_security_group_id": null,
            "timeouts": null,
            "to_port": 80,
            "type": "ingress"
          },
          "sensitive_attributes": [],
          "private": "eyJlMmJmYjczMC1lY2FhLTExZTYtOGY4OC0zNDM2M2JjN2M0YzAiOnsiY3JlYXRlIjozMDAwMDAwMDAwMDB9LCJzY2hlbWFfdmVyc2lvbiI6IjIifQ==",
          "dependencies": [
            "aws_vpc.main",
            "module.ecs-fargate.module.ecs-fargate-service.module.ecs-alb.aws_security_group.lb_access_sg"
          ]
        }
      ]
    },
    {
      "module": "module.ecs-fargate.module.ecs-fargate-service.module.ecs-autoscaling[0]",
      "mode": "managed",
      "type": "aws_appautoscaling_policy",
      "name": "scale_down_policy",
      "provider": "provider[\"registry.terraform.io/hashicorp/aws\"]",
      "instances": [
        {
          "schema_version": 0,
          "attributes": {
            "alarm_arns": [
              "arn:aws:cloudwatch:eu-north-1:013948180024:alarm:gp2-cpu-low"
            ],
            "arn": "arn:aws:autoscaling:eu-north-1:013948180024:scalingPolicy:6040ff9f-c96f-459b-a55d-c611a3bef1bb:resource/ecs/service/gp2/gp2-service:policyName/gp2-scale-down-policy",
            "id": "gp2-scale-down-policy",
            "name": "gp2-scale-down-policy",
            "policy_type": "StepScaling",
            "resource_id": "service/gp2/gp2-service",
            "scalable_dimension": "ecs:service:DesiredCount",
            "service_namespace": "ecs",
            "step_scaling_policy_configuration": [
              {
                "adjustment_type": "ChangeInCapacity",
                "cooldown": 60,
                "metric_aggregation_type": "Maximum",
                "min_adjustment_magnitude": 0,
                "step_adjustment": [
                  {
                    "metric_interval_lower_bound": "",
                    "metric_interval_upper_bound": "0",
                    "scaling_adjustment": -1
                  }
                ]
              }
            ],
            "target_tracking_scaling_policy_configuration": []
          },
          "sensitive_attributes": [],
          "private": "bnVsbA==",
          "dependencies": [
            "aws_subnet.private",
            "aws_subnet.public",
            "aws_subnet.public_2",
            "aws_vpc.main",
            "module.ecs-fargate.module.ecs-cluster.aws_ecs_cluster.cluster",
            "module.ecs-fargate.module.ecs-fargate-service.aws_ecs_service.service",
            "module.ecs-fargate.module.ecs-fargate-service.aws_security_group.ecs_tasks_sg",
            "module.ecs-fargate.module.ecs-fargate-service.module.ecs-alb.aws_lb.lb",
            "module.ecs-fargate.module.ecs-fargate-service.module.ecs-alb.aws_lb_target_group.lb_http_tgs",
            "module.ecs-fargate.module.ecs-fargate-service.module.ecs-alb.aws_lb_target_group.lb_https_tgs",
            "module.ecs-fargate.module.ecs-fargate-service.module.ecs-alb.aws_security_group.lb_access_sg",
            "module.ecs-fargate.module.ecs-fargate-service.module.ecs-alb.module.lb_logs_s3.aws_s3_bucket.logs",
            "module.ecs-fargate.module.ecs-fargate-service.module.ecs-alb.module.lb_logs_s3.random_string.random",
            "module.ecs-fargate.module.ecs-fargate-service.module.ecs-alb.random_string.lb_name",
            "module.ecs-fargate.module.ecs-fargate-service.module.ecs-autoscaling.aws_appautoscaling_target.scale_target",
            "module.ecs-fargate.module.td.aws_ecs_task_definition.td",
            "module.ecs-fargate.module.td.aws_iam_role.ecs_task_execution_role"
          ]
        }
      ]
    },
    {
      "module": "module.ecs-fargate.module.ecs-fargate-service.module.ecs-autoscaling[0]",
      "mode": "managed",
      "type": "aws_appautoscaling_policy",
      "name": "scale_up_policy",
      "provider": "provider[\"registry.terraform.io/hashicorp/aws\"]",
      "instances": [
        {
          "schema_version": 0,
          "attributes": {
            "alarm_arns": [
              "arn:aws:cloudwatch:eu-north-1:013948180024:alarm:gp2-cpu-high"
            ],
            "arn": "arn:aws:autoscaling:eu-north-1:013948180024:scalingPolicy:6040ff9f-c96f-459b-a55d-c611a3bef1bb:resource/ecs/service/gp2/gp2-service:policyName/gp2-scale-up-policy",
            "id": "gp2-scale-up-policy",
            "name": "gp2-scale-up-policy",
            "policy_type": "StepScaling",
            "resource_id": "service/gp2/gp2-service",
            "scalable_dimension": "ecs:service:DesiredCount",
            "service_namespace": "ecs",
            "step_scaling_policy_configuration": [
              {
                "adjustment_type": "ChangeInCapacity",
                "cooldown": 60,
                "metric_aggregation_type": "Maximum",
                "min_adjustment_magnitude": 0,
                "step_adjustment": [
                  {
                    "metric_interval_lower_bound": "0",
                    "metric_interval_upper_bound": "",
                    "scaling_adjustment": 1
                  }
                ]
              }
            ],
            "target_tracking_scaling_policy_configuration": []
          },
          "sensitive_attributes": [],
          "private": "bnVsbA==",
          "dependencies": [
            "aws_subnet.private",
            "aws_subnet.public",
            "aws_subnet.public_2",
            "aws_vpc.main",
            "module.ecs-fargate.module.ecs-cluster.aws_ecs_cluster.cluster",
            "module.ecs-fargate.module.ecs-fargate-service.aws_ecs_service.service",
            "module.ecs-fargate.module.ecs-fargate-service.aws_security_group.ecs_tasks_sg",
            "module.ecs-fargate.module.ecs-fargate-service.module.ecs-alb.aws_lb.lb",
            "module.ecs-fargate.module.ecs-fargate-service.module.ecs-alb.aws_lb_target_group.lb_http_tgs",
            "module.ecs-fargate.module.ecs-fargate-service.module.ecs-alb.aws_lb_target_group.lb_https_tgs",
            "module.ecs-fargate.module.ecs-fargate-service.module.ecs-alb.aws_security_group.lb_access_sg",
            "module.ecs-fargate.module.ecs-fargate-service.module.ecs-alb.module.lb_logs_s3.aws_s3_bucket.logs",
            "module.ecs-fargate.module.ecs-fargate-service.module.ecs-alb.module.lb_logs_s3.random_string.random",
            "module.ecs-fargate.module.ecs-fargate-service.module.ecs-alb.random_string.lb_name",
            "module.ecs-fargate.module.ecs-fargate-service.module.ecs-autoscaling.aws_appautoscaling_target.scale_target",
            "module.ecs-fargate.module.td.aws_ecs_task_definition.td",
            "module.ecs-fargate.module.td.aws_iam_role.ecs_task_execution_role"
          ]
        }
      ]
    },
    {
      "module": "module.ecs-fargate.module.ecs-fargate-service.module.ecs-autoscaling[0]",
      "mode": "managed",
      "type": "aws_appautoscaling_target",
      "name": "scale_target",
      "provider": "provider[\"registry.terraform.io/hashicorp/aws\"]",
      "instances": [
        {
          "schema_version": 0,
          "attributes": {
            "arn": "arn:aws:application-autoscaling:eu-north-1:013948180024:scalable-target/0ec56040ff9fc96f459ba55dc611a3bef1bb",
            "id": "service/gp2/gp2-service",
            "max_capacity": 5,
            "min_capacity": 1,
            "resource_id": "service/gp2/gp2-service",
            "role_arn": "arn:aws:iam::013948180024:role/aws-service-role/ecs.application-autoscaling.amazonaws.com/AWSServiceRoleForApplicationAutoScaling_ECSService",
            "scalable_dimension": "ecs:service:DesiredCount",
            "service_namespace": "ecs",
            "tags": {},
            "tags_all": {}
          },
          "sensitive_attributes": [],
          "private": "bnVsbA==",
          "dependencies": [
            "aws_subnet.private",
            "aws_subnet.public",
            "aws_subnet.public_2",
            "aws_vpc.main",
            "module.ecs-fargate.module.ecs-cluster.aws_ecs_cluster.cluster",
            "module.ecs-fargate.module.ecs-fargate-service.aws_ecs_service.service",
            "module.ecs-fargate.module.ecs-fargate-service.aws_security_group.ecs_tasks_sg",
            "module.ecs-fargate.module.ecs-fargate-service.module.ecs-alb.aws_lb.lb",
            "module.ecs-fargate.module.ecs-fargate-service.module.ecs-alb.aws_lb_target_group.lb_http_tgs",
            "module.ecs-fargate.module.ecs-fargate-service.module.ecs-alb.aws_lb_target_group.lb_https_tgs",
            "module.ecs-fargate.module.ecs-fargate-service.module.ecs-alb.aws_security_group.lb_access_sg",
            "module.ecs-fargate.module.ecs-fargate-service.module.ecs-alb.module.lb_logs_s3.aws_s3_bucket.logs",
            "module.ecs-fargate.module.ecs-fargate-service.module.ecs-alb.module.lb_logs_s3.random_string.random",
            "module.ecs-fargate.module.ecs-fargate-service.module.ecs-alb.random_string.lb_name",
            "module.ecs-fargate.module.td.aws_ecs_task_definition.td",
            "module.ecs-fargate.module.td.aws_iam_role.ecs_task_execution_role"
          ]
        }
      ]
    },
    {
      "module": "module.ecs-fargate.module.ecs-fargate-service.module.ecs-autoscaling[0]",
      "mode": "managed",
      "type": "aws_cloudwatch_metric_alarm",
      "name": "cpu_high",
      "provider": "provider[\"registry.terraform.io/hashicorp/aws\"]",
      "instances": [
        {
          "schema_version": 1,
          "attributes": {
            "actions_enabled": true,
            "alarm_actions": [
              "arn:aws:autoscaling:eu-north-1:013948180024:scalingPolicy:6040ff9f-c96f-459b-a55d-c611a3bef1bb:resource/ecs/service/gp2/gp2-service:policyName/gp2-scale-up-policy"
            ],
            "alarm_description": "",
            "alarm_name": "gp2-cpu-high",
            "arn": "arn:aws:cloudwatch:eu-north-1:013948180024:alarm:gp2-cpu-high",
            "comparison_operator": "GreaterThanOrEqualToThreshold",
            "datapoints_to_alarm": 0,
            "dimensions": {
              "ClusterName": "gp2",
              "ServiceName": "gp2-service"
            },
            "evaluate_low_sample_count_percentiles": "",
            "evaluation_periods": 3,
            "extended_statistic": "",
            "id": "gp2-cpu-high",
            "insufficient_data_actions": [],
            "metric_name": "CPUUtilization",
            "metric_query": [],
            "namespace": "AWS/ECS",
            "ok_actions": [],
            "period": 60,
            "statistic": "Maximum",
            "tags": {},
            "tags_all": {},
            "threshold": 85,
            "threshold_metric_id": "",
            "treat_missing_data": "missing",
            "unit": ""
          },
          "sensitive_attributes": [],
          "private": "eyJzY2hlbWFfdmVyc2lvbiI6IjEifQ==",
          "dependencies": [
            "aws_subnet.private",
            "aws_subnet.public",
            "aws_subnet.public_2",
            "aws_vpc.main",
            "module.ecs-fargate.module.ecs-cluster.aws_ecs_cluster.cluster",
            "module.ecs-fargate.module.ecs-fargate-service.aws_ecs_service.service",
            "module.ecs-fargate.module.ecs-fargate-service.aws_security_group.ecs_tasks_sg",
            "module.ecs-fargate.module.ecs-fargate-service.module.ecs-alb.aws_lb.lb",
            "module.ecs-fargate.module.ecs-fargate-service.module.ecs-alb.aws_lb_target_group.lb_http_tgs",
            "module.ecs-fargate.module.ecs-fargate-service.module.ecs-alb.aws_lb_target_group.lb_https_tgs",
            "module.ecs-fargate.module.ecs-fargate-service.module.ecs-alb.aws_security_group.lb_access_sg",
            "module.ecs-fargate.module.ecs-fargate-service.module.ecs-alb.module.lb_logs_s3.aws_s3_bucket.logs",
            "module.ecs-fargate.module.ecs-fargate-service.module.ecs-alb.module.lb_logs_s3.random_string.random",
            "module.ecs-fargate.module.ecs-fargate-service.module.ecs-alb.random_string.lb_name",
            "module.ecs-fargate.module.ecs-fargate-service.module.ecs-autoscaling.aws_appautoscaling_policy.scale_up_policy",
            "module.ecs-fargate.module.ecs-fargate-service.module.ecs-autoscaling.aws_appautoscaling_target.scale_target",
            "module.ecs-fargate.module.td.aws_ecs_task_definition.td",
            "module.ecs-fargate.module.td.aws_iam_role.ecs_task_execution_role"
          ]
        }
      ]
    },
    {
      "module": "module.ecs-fargate.module.ecs-fargate-service.module.ecs-autoscaling[0]",
      "mode": "managed",
      "type": "aws_cloudwatch_metric_alarm",
      "name": "cpu_low",
      "provider": "provider[\"registry.terraform.io/hashicorp/aws\"]",
      "instances": [
        {
          "schema_version": 1,
          "attributes": {
            "actions_enabled": true,
            "alarm_actions": [
              "arn:aws:autoscaling:eu-north-1:013948180024:scalingPolicy:6040ff9f-c96f-459b-a55d-c611a3bef1bb:resource/ecs/service/gp2/gp2-service:policyName/gp2-scale-down-policy"
            ],
            "alarm_description": "",
            "alarm_name": "gp2-cpu-low",
            "arn": "arn:aws:cloudwatch:eu-north-1:013948180024:alarm:gp2-cpu-low",
            "comparison_operator": "LessThanOrEqualToThreshold",
            "datapoints_to_alarm": 0,
            "dimensions": {
              "ClusterName": "gp2",
              "ServiceName": "gp2-service"
            },
            "evaluate_low_sample_count_percentiles": "",
            "evaluation_periods": 3,
            "extended_statistic": "",
            "id": "gp2-cpu-low",
            "insufficient_data_actions": [],
            "metric_name": "CPUUtilization",
            "metric_query": [],
            "namespace": "AWS/ECS",
            "ok_actions": [],
            "period": 60,
            "statistic": "Average",
            "tags": {},
            "tags_all": {},
            "threshold": 10,
            "threshold_metric_id": "",
            "treat_missing_data": "missing",
            "unit": ""
          },
          "sensitive_attributes": [],
          "private": "eyJzY2hlbWFfdmVyc2lvbiI6IjEifQ==",
          "dependencies": [
            "aws_subnet.private",
            "aws_subnet.public",
            "aws_subnet.public_2",
            "aws_vpc.main",
            "module.ecs-fargate.module.ecs-cluster.aws_ecs_cluster.cluster",
            "module.ecs-fargate.module.ecs-fargate-service.aws_ecs_service.service",
            "module.ecs-fargate.module.ecs-fargate-service.aws_security_group.ecs_tasks_sg",
            "module.ecs-fargate.module.ecs-fargate-service.module.ecs-alb.aws_lb.lb",
            "module.ecs-fargate.module.ecs-fargate-service.module.ecs-alb.aws_lb_target_group.lb_http_tgs",
            "module.ecs-fargate.module.ecs-fargate-service.module.ecs-alb.aws_lb_target_group.lb_https_tgs",
            "module.ecs-fargate.module.ecs-fargate-service.module.ecs-alb.aws_security_group.lb_access_sg",
            "module.ecs-fargate.module.ecs-fargate-service.module.ecs-alb.module.lb_logs_s3.aws_s3_bucket.logs",
            "module.ecs-fargate.module.ecs-fargate-service.module.ecs-alb.module.lb_logs_s3.random_string.random",
            "module.ecs-fargate.module.ecs-fargate-service.module.ecs-alb.random_string.lb_name",
            "module.ecs-fargate.module.ecs-fargate-service.module.ecs-autoscaling.aws_appautoscaling_policy.scale_down_policy",
            "module.ecs-fargate.module.ecs-fargate-service.module.ecs-autoscaling.aws_appautoscaling_target.scale_target",
            "module.ecs-fargate.module.td.aws_ecs_task_definition.td",
            "module.ecs-fargate.module.td.aws_iam_role.ecs_task_execution_role"
          ]
        }
      ]
    },
    {
      "module": "module.ecs-fargate.module.td",
      "mode": "managed",
      "type": "aws_ecs_task_definition",
      "name": "td",
      "provider": "provider[\"registry.terraform.io/hashicorp/aws\"]",
      "instances": [
        {
          "schema_version": 1,
          "attributes": {
            "arn": "arn:aws:ecs:eu-north-1:013948180024:task-definition/gp2:6",
            "arn_without_revision": "arn:aws:ecs:eu-north-1:013948180024:task-definition/gp2",
            "container_definitions": "[{\"command\":[],\"cpu\":1024,\"dnsSearchDomains\":[],\"dnsServers\":[],\"dockerSecurityOptions\":[],\"entryPoint\":[],\"environment\":[],\"environmentFiles\":[],\"essential\":true,\"extraHosts\":[],\"image\":\"ghcr.io/ua92-devops-apprentices-org/gp2-frontend\",\"links\":[],\"memory\":4096,\"memoryReservation\":2048,\"mountPoints\":[],\"name\":\"gp2-frontend\",\"portMappings\":[{\"containerPort\":3000,\"hostPort\":3000,\"protocol\":\"tcp\"}],\"readonlyRootFilesystem\":false,\"systemControls\":[],\"ulimits\":[],\"volumesFrom\":[]}]",
            "cpu": "1024",
            "ephemeral_storage": [],
            "execution_role_arn": "arn:aws:iam::013948180024:role/gp2-ecs-task-execution-role",
            "family": "gp2",
            "id": "gp2",
            "inference_accelerator": [],
            "ipc_mode": "",
            "memory": "4096",
            "network_mode": "awsvpc",
            "pid_mode": "",
            "placement_constraints": [],
            "proxy_configuration": [],
            "requires_compatibilities": [
              "FARGATE"
            ],
            "revision": 6,
            "runtime_platform": [
              {
                "cpu_architecture": "X86_64",
                "operating_system_family": "LINUX"
              }
            ],
            "skip_destroy": false,
            "tags": {},
            "tags_all": {},
            "task_role_arn": "arn:aws:iam::013948180024:role/gp2-ecs-task-execution-role",
            "volume": []
          },
          "sensitive_attributes": [],
          "private": "eyJzY2hlbWFfdmVyc2lvbiI6IjEifQ==",
          "dependencies": [
            "module.ecs-fargate.module.td.aws_iam_role.ecs_task_execution_role"
          ]
        }
      ]
    },
    {
      "module": "module.ecs-fargate.module.td",
      "mode": "managed",
      "type": "aws_iam_role",
      "name": "ecs_task_execution_role",
      "provider": "provider[\"registry.terraform.io/hashicorp/aws\"]",
      "instances": [
        {
          "schema_version": 0,
          "attributes": {
            "arn": "arn:aws:iam::013948180024:role/gp2-ecs-task-execution-role",
            "assume_role_policy": "{\"Statement\":[{\"Action\":\"sts:AssumeRole\",\"Effect\":\"Allow\",\"Principal\":{\"Service\":\"ecs-tasks.amazonaws.com\"},\"Sid\":\"\"}],\"Version\":\"2012-10-17\"}",
            "create_date": "2023-08-29T15:42:00Z",
            "description": "",
            "force_detach_policies": false,
            "id": "gp2-ecs-task-execution-role",
            "inline_policy": [],
            "managed_policy_arns": [
              "arn:aws:iam::aws:policy/service-role/AmazonECSTaskExecutionRolePolicy"
            ],
            "max_session_duration": 3600,
            "name": "gp2-ecs-task-execution-role",
            "name_prefix": "",
            "path": "/",
            "permissions_boundary": null,
            "tags": {},
            "tags_all": {},
            "unique_id": "AROAQGP3AKY4GBDMSPYZE"
          },
          "sensitive_attributes": [],
          "private": "bnVsbA=="
        }
      ]
    },
    {
      "module": "module.ecs-fargate.module.td",
      "mode": "managed",
      "type": "aws_iam_role_policy_attachment",
      "name": "ecs_task_execution_role_policy_attach",
      "provider": "provider[\"registry.terraform.io/hashicorp/aws\"]",
      "instances": [
        {
          "schema_version": 0,
          "attributes": {
            "id": "gp2-ecs-task-execution-role-20230829154201542700000001",
            "policy_arn": "arn:aws:iam::aws:policy/service-role/AmazonECSTaskExecutionRolePolicy",
            "role": "gp2-ecs-task-execution-role"
          },
          "sensitive_attributes": [],
          "private": "bnVsbA==",
          "dependencies": [
            "module.ecs-fargate.module.td.aws_iam_role.ecs_task_execution_role"
          ]
        }
      ]
    }
  ],
  "check_results": null
}
